
Microsoft Visual Studio Solution File, Format Version 12.00
# Visual Studio Version 16
VisualStudioVersion = 16.0.30309.148
MinimumVisualStudioVersion = 10.0.40219.1
Project("{FAE04EC0-301F-11D3-BF4B-00C04F79EFBC}") = "ManagementApp", "ManagementApp\ManagementApp.csproj", "{9BBFB004-099E-4E9A-B026-68CE55A7AF27}"
EndProject
Global
	GlobalSection(SolutionConfigurationPlatforms) = preSolution
		Debug|Any CPU = Debug|Any CPU
		Release|Any CPU = Release|Any CPU
	EndGlobalSection
	GlobalSection(ProjectConfigurationPlatforms) = postSolution
		{9BBFB004-099E-4E9A-B026-68CE55A7AF27}.Debug|Any CPU.ActiveCfg = Debug|Any CPU
		{9BBFB004-099E-4E9A-B026-68CE55A7AF27}.Debug|Any CPU.Build.0 = Debug|Any CPU
		{9BBFB004-099E-4E9A-B026-68CE55A7AF27}.Release|Any CPU.ActiveCfg = Release|Any CPU
		{9BBFB004-099E-4E9A-B026-68CE55A7AF27}.Release|Any CPU.Build.0 = Release|Any CPU
	EndGlobalSection
	GlobalSection(SolutionProperties) = preSolution
		HideSolutionNode = FALSE
	EndGlobalSection
	GlobalSection(ExtensibilityGlobals) = postSolution
		SolutionGuid = {549871D8-46B9-4B53-A685-5B88963ADE11}
	EndGlobalSection
EndGlobal
